lockfileVersion: '9.0'

settings:
  autoInstallPeers: true
  excludeLinksFromLockfile: false

importers:

  .:
    dependencies:
      '@tanstack/react-form':
        specifier: ^1.23.8
        version: 1.23.8(react-dom@19.2.0(react@19.2.0))(react@19.2.0)

packages:

  '@tanstack/devtools-event-client@0.3.4':
    resolution: {integrity: sha512-eq+PpuutUyubXu+ycC1GIiVwBs86NF/8yYJJAKSpPcJLWl6R/761F1H4F/9ziX6zKezltFUH1ah3Cz8Ah+KJrw==}
    engines: {node: '>=18'}

  '@tanstack/form-core@1.24.4':
    resolution: {integrity: sha512-+eIR7DiDamit1zvTVgaHxuIRA02YFgJaXMUGxsLRJoBpUjGl/g/nhUocQoNkRyfXqOlh8OCMTanjwDprWSRq6w==}

  '@tanstack/pacer@0.15.4':
    resolution: {integrity: sha512-vGY+CWsFZeac3dELgB6UZ4c7OacwsLb8hvL2gLS6hTgy8Fl0Bm/aLokHaeDIP+q9F9HUZTnp360z9uv78eg8pg==}
    engines: {node: '>=18'}

  '@tanstack/react-form@1.23.8':
    resolution: {integrity: sha512-ivfkiOHAI3aIWkCY4FnPWVAL6SkQWGWNVjtwIZpaoJE4ulukZWZ1KB8TQKs8f4STl+egjTsMHrWJuf2fv3Xh1w==}
    peerDependencies:
      '@tanstack/react-start': ^1.130.10
      react: ^17.0.0 || ^18.0.0 || ^19.0.0
    peerDependenciesMeta:
      '@tanstack/react-start':
        optional: true

  '@tanstack/react-store@0.7.7':
    resolution: {integrity: sha512-qqT0ufegFRDGSof9D/VqaZgjNgp4tRPHZIJq2+QIHkMUtHjaJ0lYrrXjeIUJvjnTbgPfSD1XgOMEt0lmANn6Zg==}
    peerDependencies:
      react: ^16.8.0 || ^17.0.0 || ^18.0.0 || ^19.0.0
      react-dom: ^16.8.0 || ^17.0.0 || ^18.0.0 || ^19.0.0

  '@tanstack/store@0.7.7':
    resolution: {integrity: sha512-xa6pTan1bcaqYDS9BDpSiS63qa6EoDkPN9RsRaxHuDdVDNntzq3xNwR5YKTU/V3SkSyC9T4YVOPh2zRQN0nhIQ==}

  decode-formdata@0.9.0:
    resolution: {integrity: sha512-q5uwOjR3Um5YD+ZWPOF/1sGHVW9A5rCrRwITQChRXlmPkxDFBqCm4jNTIVdGHNH9OnR+V9MoZVgRhsFb+ARbUw==}

  devalue@5.4.2:
    resolution: {integrity: sha512-MwPZTKEPK2k8Qgfmqrd48ZKVvzSQjgW0lXLxiIBA8dQjtf/6mw6pggHNLcyDKyf+fI6eXxlQwPsfaCMTU5U+Bw==}

  react-dom@19.2.0:
    resolution: {integrity: sha512-UlbRu4cAiGaIewkPyiRGJk0imDN2T3JjieT6spoL2UeSf5od4n5LB/mQ4ejmxhCFT1tYe8IvaFulzynWovsEFQ==}
    peerDependencies:
      react: ^19.2.0

  react@19.2.0:
    resolution: {integrity: sha512-tmbWg6W31tQLeB5cdIBOicJDJRR2KzXsV7uSK9iNfLWQ5bIZfxuPEHp7M8wiHyHnn0DD1i7w3Zmin0FtkrwoCQ==}
    engines: {node: '>=0.10.0'}

  scheduler@0.27.0:
    resolution: {integrity: sha512-eNv+WrVbKu1f3vbYJT/xtiF5syA5HPIMtf9IgY/nKg0sWqzAUEvqY/xm7OcZc/qafLx/iO9FgOmeSAp4v5ti/Q==}

  use-sync-external-store@1.6.0:
    resolution: {integrity: sha512-Pp6GSwGP/NrPIrxVFAIkOQeyw8lFenOHijQWkUTrDvrF4ALqylP2C/KCkeS9dpUM3KvYRQhna5vt7IL95+ZQ9w==}
    peerDependencies:
      react: ^16.8.0 || ^17.0.0 || ^18.0.0 || ^19.0.0

snapshots:

  '@tanstack/devtools-event-client@0.3.4': {}

  '@tanstack/form-core@1.24.4':
    dependencies:
      '@tanstack/devtools-event-client': 0.3.4
      '@tanstack/pacer': 0.15.4
      '@tanstack/store': 0.7.7

  '@tanstack/pacer@0.15.4':
    dependencies:
      '@tanstack/devtools-event-client': 0.3.4
      '@tanstack/store': 0.7.7

  '@tanstack/react-form@1.23.8(react-dom@19.2.0(react@19.2.0))(react@19.2.0)':
    dependencies:
      '@tanstack/form-core': 1.24.4
      '@tanstack/react-store': 0.7.7(react-dom@19.2.0(react@19.2.0))(react@19.2.0)
      decode-formdata: 0.9.0
      devalue: 5.4.2
      react: 19.2.0
    transitivePeerDependencies:
      - react-dom

  '@tanstack/react-store@0.7.7(react-dom@19.2.0(react@19.2.0))(react@19.2.0)':
    dependencies:
      '@tanstack/store': 0.7.7
      react: 19.2.0
      react-dom: 19.2.0(react@19.2.0)
      use-sync-external-store: 1.6.0(react@19.2.0)

  '@tanstack/store@0.7.7': {}

  decode-formdata@0.9.0: {}

  devalue@5.4.2: {}

  react-dom@19.2.0(react@19.2.0):
    dependencies:
      react: 19.2.0
      scheduler: 0.27.0

  react@19.2.0: {}

  scheduler@0.27.0: {}

  use-sync-external-store@1.6.0(react@19.2.0):
    dependencies:
      react: 19.2.0
